// !$*UTF8*$!
{
	archiveVersion = 1;
	classes = {
	};
	objectVersion = 51;
	objects = {

/* Begin PBXBuildFile section */
		2E3F0D43DB56F098F10641B5 /* Pods_Calmy_CalmyUITests.framework in Frameworks */ = {isa = PBXBuildFile; fileRef = D9D775FB2A36CD0C6CD6800D /* Pods_Calmy_CalmyUITests.framework */; };
		5C07A33F2605CE11005B50E1 /* ColorsData.swift in Sources */ = {isa = PBXBuildFile; fileRef = 5C07A33E2605CE11005B50E1 /* ColorsData.swift */; };
		5C1FE5E125E7ED3A00611190 /* AppDelegate.swift in Sources */ = {isa = PBXBuildFile; fileRef = 5C1FE5E025E7ED3A00611190 /* AppDelegate.swift */; };
		5C1FE5E325E7ED3A00611190 /* SceneDelegate.swift in Sources */ = {isa = PBXBuildFile; fileRef = 5C1FE5E225E7ED3A00611190 /* SceneDelegate.swift */; };
		5C1FE5E525E7ED3A00611190 /* ViewController.swift in Sources */ = {isa = PBXBuildFile; fileRef = 5C1FE5E425E7ED3A00611190 /* ViewController.swift */; };
		5C1FE5E825E7ED3A00611190 /* Main.storyboard in Resources */ = {isa = PBXBuildFile; fileRef = 5C1FE5E625E7ED3A00611190 /* Main.storyboard */; };
		5C1FE5EA25E7ED3E00611190 /* Assets.xcassets in Resources */ = {isa = PBXBuildFile; fileRef = 5C1FE5E925E7ED3E00611190 /* Assets.xcassets */; };
		5C1FE5ED25E7ED3E00611190 /* LaunchScreen.storyboard in Resources */ = {isa = PBXBuildFile; fileRef = 5C1FE5EB25E7ED3E00611190 /* LaunchScreen.storyboard */; };
		5C1FE5F825E7ED3E00611190 /* MoodyTests.swift in Sources */ = {isa = PBXBuildFile; fileRef = 5C1FE5F725E7ED3E00611190 /* MoodyTests.swift */; };
		5C1FE60325E7ED3E00611190 /* MoodyUITests.swift in Sources */ = {isa = PBXBuildFile; fileRef = 5C1FE60225E7ED3E00611190 /* MoodyUITests.swift */; };
		5C3A2A3E26199BC200F1A6F5 /* Model+CoreDataProperties.swift in Sources */ = {isa = PBXBuildFile; fileRef = 5C3A2A3C26199BC200F1A6F5 /* Model+CoreDataProperties.swift */; };
		5C3A2A3F26199BC200F1A6F5 /* Model+CoreDataClass.swift in Sources */ = {isa = PBXBuildFile; fileRef = 5C3A2A3D26199BC200F1A6F5 /* Model+CoreDataClass.swift */; };
		5C4FCE1525EA5C4D003F90F8 /* ColorDayCell.swift in Sources */ = {isa = PBXBuildFile; fileRef = 5C4FCE1425EA5C4D003F90F8 /* ColorDayCell.swift */; };
		5C4FCE1A25EA5CDD003F90F8 /* ColorView.swift in Sources */ = {isa = PBXBuildFile; fileRef = 5C4FCE1925EA5CDD003F90F8 /* ColorView.swift */; };
		5C4FCE2525EA5D4E003F90F8 /* MainConstants.swift in Sources */ = {isa = PBXBuildFile; fileRef = 5C4FCE2425EA5D4E003F90F8 /* MainConstants.swift */; };
		5CAB5C602619B58E00C97DE7 /* LogoView.swift in Sources */ = {isa = PBXBuildFile; fileRef = 5CAB5C5F2619B58E00C97DE7 /* LogoView.swift */; };
		5CAFAF2A2618F817003F5D88 /* Model.xcdatamodeld in Sources */ = {isa = PBXBuildFile; fileRef = 5CAFAF282618F817003F5D88 /* Model.xcdatamodeld */; };
		5CBBCDEB25F1024D001D5628 /* AddColorView.swift in Sources */ = {isa = PBXBuildFile; fileRef = 5CBBCDEA25F1024D001D5628 /* AddColorView.swift */; };
		5CBBCDF025F10402001D5628 /* SetColorCell.swift in Sources */ = {isa = PBXBuildFile; fileRef = 5CBBCDEF25F10402001D5628 /* SetColorCell.swift */; };
		5CBBCDF625F12F90001D5628 /* ViewExtension.swift in Sources */ = {isa = PBXBuildFile; fileRef = 5CBBCDF525F12F90001D5628 /* ViewExtension.swift */; };
		5CBBCDFE25F130B5001D5628 /* LabelExtension.swift in Sources */ = {isa = PBXBuildFile; fileRef = 5CBBCDFD25F130B5001D5628 /* LabelExtension.swift */; };
		5CBBCE0325F1319D001D5628 /* TextView Extension.swift in Sources */ = {isa = PBXBuildFile; fileRef = 5CBBCE0225F1319D001D5628 /* TextView Extension.swift */; };
		5CBBCE0925F13280001D5628 /* SF-Pro.ttf in Resources */ = {isa = PBXBuildFile; fileRef = 5CBBCE0825F13280001D5628 /* SF-Pro.ttf */; };
		5CBBCE0E25F13299001D5628 /* SF-Pro-Text-Medium.otf in Resources */ = {isa = PBXBuildFile; fileRef = 5CBBCE0D25F13299001D5628 /* SF-Pro-Text-Medium.otf */; };
		5CBBCE1325F132BB001D5628 /* SF-Pro-Text-Bold.otf in Resources */ = {isa = PBXBuildFile; fileRef = 5CBBCE1225F132BB001D5628 /* SF-Pro-Text-Bold.otf */; };
		5CC4B10925F3524C00FA3078 /* Date Extension.swift in Sources */ = {isa = PBXBuildFile; fileRef = 5CC4B10825F3524C00FA3078 /* Date Extension.swift */; };
		5CE50FC526160405000811BD /* OnboardingController.swift in Sources */ = {isa = PBXBuildFile; fileRef = 5CE50FC426160405000811BD /* OnboardingController.swift */; };
		5CE50FCB26160458000811BD /* Defaults.swift in Sources */ = {isa = PBXBuildFile; fileRef = 5CE50FCA26160458000811BD /* Defaults.swift */; };
		5CE50FD326160705000811BD /* OnboardingCellOne.swift in Sources */ = {isa = PBXBuildFile; fileRef = 5CE50FD226160705000811BD /* OnboardingCellOne.swift */; };
		5CE50FD826160966000811BD /* OnboardingCellTwo.swift in Sources */ = {isa = PBXBuildFile; fileRef = 5CE50FD726160966000811BD /* OnboardingCellTwo.swift */; };
		5CE7B1CF25EBA7CA00438B5B /* TimeFunctions.swift in Sources */ = {isa = PBXBuildFile; fileRef = 5CE7B1CE25EBA7CA00438B5B /* TimeFunctions.swift */; };
		5CFD7BC525F0B65600C27A50 /* DataFunction.swift in Sources */ = {isa = PBXBuildFile; fileRef = 5CFD7BC425F0B65600C27A50 /* DataFunction.swift */; };
		96BECB81B735A3262D975364 /* Pods_Calmy.framework in Frameworks */ = {isa = PBXBuildFile; fileRef = 3CE26A5E0E3F8916D10D8639 /* Pods_Calmy.framework */; };
		C28EBBAC4D1CBB324FAEEDB5 /* Pods_CalmyTests.framework in Frameworks */ = {isa = PBXBuildFile; fileRef = 5A9ED195B30C6D5AEF9325AB /* Pods_CalmyTests.framework */; };
/* End PBXBuildFile section */

/* Begin PBXContainerItemProxy section */
		5C1FE5F425E7ED3E00611190 /* PBXContainerItemProxy */ = {
			isa = PBXContainerItemProxy;
			containerPortal = 5C1FE5D525E7ED3A00611190 /* Project object */;
			proxyType = 1;
			remoteGlobalIDString = 5C1FE5DC25E7ED3A00611190;
			remoteInfo = Moody;
		};
		5C1FE5FF25E7ED3E00611190 /* PBXContainerItemProxy */ = {
			isa = PBXContainerItemProxy;
			containerPortal = 5C1FE5D525E7ED3A00611190 /* Project object */;
			proxyType = 1;
			remoteGlobalIDString = 5C1FE5DC25E7ED3A00611190;
			remoteInfo = Moody;
		};
/* End PBXContainerItemProxy section */

/* Begin PBXFileReference section */
		052A864561CE10C842C3E0E6 /* Pods-Calmy-CalmyUITests.debug.xcconfig */ = {isa = PBXFileReference; includeInIndex = 1; lastKnownFileType = text.xcconfig; name = "Pods-Calmy-CalmyUITests.debug.xcconfig"; path = "Target Support Files/Pods-Calmy-CalmyUITests/Pods-Calmy-CalmyUITests.debug.xcconfig"; sourceTree = "<group>"; };
		0BF07E93F182554D3978A7A6 /* Pods-Calmy.debug.xcconfig */ = {isa = PBXFileReference; includeInIndex = 1; lastKnownFileType = text.xcconfig; name = "Pods-Calmy.debug.xcconfig"; path = "Target Support Files/Pods-Calmy/Pods-Calmy.debug.xcconfig"; sourceTree = "<group>"; };
		390D1F3DF5F18A974C0BDB4B /* Pods-CalmyTests.debug.xcconfig */ = {isa = PBXFileReference; includeInIndex = 1; lastKnownFileType = text.xcconfig; name = "Pods-CalmyTests.debug.xcconfig"; path = "Target Support Files/Pods-CalmyTests/Pods-CalmyTests.debug.xcconfig"; sourceTree = "<group>"; };
		3CE26A5E0E3F8916D10D8639 /* Pods_Calmy.framework */ = {isa = PBXFileReference; explicitFileType = wrapper.framework; includeInIndex = 0; path = Pods_Calmy.framework; sourceTree = BUILT_PRODUCTS_DIR; };
		4844C909542E1750406E81DC /* Pods-CalmyTests.release.xcconfig */ = {isa = PBXFileReference; includeInIndex = 1; lastKnownFileType = text.xcconfig; name = "Pods-CalmyTests.release.xcconfig"; path = "Target Support Files/Pods-CalmyTests/Pods-CalmyTests.release.xcconfig"; sourceTree = "<group>"; };
		5A9ED195B30C6D5AEF9325AB /* Pods_CalmyTests.framework */ = {isa = PBXFileReference; explicitFileType = wrapper.framework; includeInIndex = 0; path = Pods_CalmyTests.framework; sourceTree = BUILT_PRODUCTS_DIR; };
		5C07A33E2605CE11005B50E1 /* ColorsData.swift */ = {isa = PBXFileReference; lastKnownFileType = sourcecode.swift; path = ColorsData.swift; sourceTree = "<group>"; };
		5C1FE5DD25E7ED3A00611190 /* Calmy.app */ = {isa = PBXFileReference; explicitFileType = wrapper.application; includeInIndex = 0; path = Calmy.app; sourceTree = BUILT_PRODUCTS_DIR; };
		5C1FE5E025E7ED3A00611190 /* AppDelegate.swift */ = {isa = PBXFileReference; lastKnownFileType = sourcecode.swift; path = AppDelegate.swift; sourceTree = "<group>"; };
		5C1FE5E225E7ED3A00611190 /* SceneDelegate.swift */ = {isa = PBXFileReference; lastKnownFileType = sourcecode.swift; path = SceneDelegate.swift; sourceTree = "<group>"; };
		5C1FE5E425E7ED3A00611190 /* ViewController.swift */ = {isa = PBXFileReference; lastKnownFileType = sourcecode.swift; path = ViewController.swift; sourceTree = "<group>"; };
		5C1FE5E725E7ED3A00611190 /* Base */ = {isa = PBXFileReference; lastKnownFileType = file.storyboard; name = Base; path = Base.lproj/Main.storyboard; sourceTree = "<group>"; };
		5C1FE5E925E7ED3E00611190 /* Assets.xcassets */ = {isa = PBXFileReference; lastKnownFileType = folder.assetcatalog; path = Assets.xcassets; sourceTree = "<group>"; };
		5C1FE5EC25E7ED3E00611190 /* Base */ = {isa = PBXFileReference; lastKnownFileType = file.storyboard; name = Base; path = Base.lproj/LaunchScreen.storyboard; sourceTree = "<group>"; };
		5C1FE5EE25E7ED3E00611190 /* Info.plist */ = {isa = PBXFileReference; lastKnownFileType = text.plist.xml; path = Info.plist; sourceTree = "<group>"; };
		5C1FE5F325E7ED3E00611190 /* CalmyTests.xctest */ = {isa = PBXFileReference; explicitFileType = wrapper.cfbundle; includeInIndex = 0; path = CalmyTests.xctest; sourceTree = BUILT_PRODUCTS_DIR; };
		5C1FE5F725E7ED3E00611190 /* MoodyTests.swift */ = {isa = PBXFileReference; lastKnownFileType = sourcecode.swift; path = MoodyTests.swift; sourceTree = "<group>"; };
		5C1FE5F925E7ED3E00611190 /* Info.plist */ = {isa = PBXFileReference; lastKnownFileType = text.plist.xml; path = Info.plist; sourceTree = "<group>"; };
		5C1FE5FE25E7ED3E00611190 /* CalmyUITests.xctest */ = {isa = PBXFileReference; explicitFileType = wrapper.cfbundle; includeInIndex = 0; path = CalmyUITests.xctest; sourceTree = BUILT_PRODUCTS_DIR; };
		5C1FE60225E7ED3E00611190 /* MoodyUITests.swift */ = {isa = PBXFileReference; lastKnownFileType = sourcecode.swift; path = MoodyUITests.swift; sourceTree = "<group>"; };
		5C1FE60425E7ED3E00611190 /* Info.plist */ = {isa = PBXFileReference; lastKnownFileType = text.plist.xml; path = Info.plist; sourceTree = "<group>"; };
		5C3A2A3C26199BC200F1A6F5 /* Model+CoreDataProperties.swift */ = {isa = PBXFileReference; fileEncoding = 4; lastKnownFileType = sourcecode.swift; path = "Model+CoreDataProperties.swift"; sourceTree = "<group>"; };
		5C3A2A3D26199BC200F1A6F5 /* Model+CoreDataClass.swift */ = {isa = PBXFileReference; fileEncoding = 4; lastKnownFileType = sourcecode.swift; path = "Model+CoreDataClass.swift"; sourceTree = "<group>"; };
		5C4FCE1425EA5C4D003F90F8 /* ColorDayCell.swift */ = {isa = PBXFileReference; lastKnownFileType = sourcecode.swift; path = ColorDayCell.swift; sourceTree = "<group>"; };
		5C4FCE1925EA5CDD003F90F8 /* ColorView.swift */ = {isa = PBXFileReference; lastKnownFileType = sourcecode.swift; path = ColorView.swift; sourceTree = "<group>"; };
		5C4FCE2425EA5D4E003F90F8 /* MainConstants.swift */ = {isa = PBXFileReference; lastKnownFileType = sourcecode.swift; path = MainConstants.swift; sourceTree = "<group>"; };
		5CAB5C5F2619B58E00C97DE7 /* LogoView.swift */ = {isa = PBXFileReference; lastKnownFileType = sourcecode.swift; path = LogoView.swift; sourceTree = "<group>"; };
		5CAFAF292618F817003F5D88 /* Model.xcdatamodel */ = {isa = PBXFileReference; lastKnownFileType = wrapper.xcdatamodel; path = Model.xcdatamodel; sourceTree = "<group>"; };
		5CBBCDEA25F1024D001D5628 /* AddColorView.swift */ = {isa = PBXFileReference; lastKnownFileType = sourcecode.swift; path = AddColorView.swift; sourceTree = "<group>"; };
		5CBBCDEF25F10402001D5628 /* SetColorCell.swift */ = {isa = PBXFileReference; lastKnownFileType = sourcecode.swift; path = SetColorCell.swift; sourceTree = "<group>"; };
		5CBBCDF525F12F90001D5628 /* ViewExtension.swift */ = {isa = PBXFileReference; lastKnownFileType = sourcecode.swift; path = ViewExtension.swift; sourceTree = "<group>"; };
		5CBBCDFD25F130B5001D5628 /* LabelExtension.swift */ = {isa = PBXFileReference; lastKnownFileType = sourcecode.swift; path = LabelExtension.swift; sourceTree = "<group>"; };
		5CBBCE0225F1319D001D5628 /* TextView Extension.swift */ = {isa = PBXFileReference; lastKnownFileType = sourcecode.swift; path = "TextView Extension.swift"; sourceTree = "<group>"; };
		5CBBCE0825F13280001D5628 /* SF-Pro.ttf */ = {isa = PBXFileReference; lastKnownFileType = file; name = "SF-Pro.ttf"; path = "../../../../../../Library/Fonts/SF-Pro.ttf"; sourceTree = "<group>"; };
		5CBBCE0D25F13299001D5628 /* SF-Pro-Text-Medium.otf */ = {isa = PBXFileReference; lastKnownFileType = file; name = "SF-Pro-Text-Medium.otf"; path = "../../../../../../Library/Fonts/SF-Pro-Text-Medium.otf"; sourceTree = "<group>"; };
		5CBBCE1225F132BB001D5628 /* SF-Pro-Text-Bold.otf */ = {isa = PBXFileReference; lastKnownFileType = file; name = "SF-Pro-Text-Bold.otf"; path = "../../../../../../Library/Fonts/SF-Pro-Text-Bold.otf"; sourceTree = "<group>"; };
		5CC4B10825F3524C00FA3078 /* Date Extension.swift */ = {isa = PBXFileReference; lastKnownFileType = sourcecode.swift; path = "Date Extension.swift"; sourceTree = "<group>"; };
		5CE50FC426160405000811BD /* OnboardingController.swift */ = {isa = PBXFileReference; lastKnownFileType = sourcecode.swift; path = OnboardingController.swift; sourceTree = "<group>"; };
		5CE50FCA26160458000811BD /* Defaults.swift */ = {isa = PBXFileReference; lastKnownFileType = sourcecode.swift; path = Defaults.swift; sourceTree = "<group>"; };
		5CE50FD226160705000811BD /* OnboardingCellOne.swift */ = {isa = PBXFileReference; lastKnownFileType = sourcecode.swift; path = OnboardingCellOne.swift; sourceTree = "<group>"; };
		5CE50FD726160966000811BD /* OnboardingCellTwo.swift */ = {isa = PBXFileReference; lastKnownFileType = sourcecode.swift; path = OnboardingCellTwo.swift; sourceTree = "<group>"; };
		5CE7B1CE25EBA7CA00438B5B /* TimeFunctions.swift */ = {isa = PBXFileReference; lastKnownFileType = sourcecode.swift; path = TimeFunctions.swift; sourceTree = "<group>"; };
		5CFD7BC425F0B65600C27A50 /* DataFunction.swift */ = {isa = PBXFileReference; lastKnownFileType = sourcecode.swift; path = DataFunction.swift; sourceTree = "<group>"; };
		A474C09E07D11C55E2C71281 /* Pods-Calmy-CalmyUITests.release.xcconfig */ = {isa = PBXFileReference; includeInIndex = 1; lastKnownFileType = text.xcconfig; name = "Pods-Calmy-CalmyUITests.release.xcconfig"; path = "Target Support Files/Pods-Calmy-CalmyUITests/Pods-Calmy-CalmyUITests.release.xcconfig"; sourceTree = "<group>"; };
		C831BDD990AFEA7ABC100BCC /* Pods-Calmy.release.xcconfig */ = {isa = PBXFileReference; includeInIndex = 1; lastKnownFileType = text.xcconfig; name = "Pods-Calmy.release.xcconfig"; path = "Target Support Files/Pods-Calmy/Pods-Calmy.release.xcconfig"; sourceTree = "<group>"; };
		D9D775FB2A36CD0C6CD6800D /* Pods_Calmy_CalmyUITests.framework */ = {isa = PBXFileReference; explicitFileType = wrapper.framework; includeInIndex = 0; path = Pods_Calmy_CalmyUITests.framework; sourceTree = BUILT_PRODUCTS_DIR; };
/* End PBXFileReference section */

/* Begin PBXFrameworksBuildPhase section */
		5C1FE5DA25E7ED3A00611190 /* Frameworks */ = {
			isa = PBXFrameworksBuildPhase;
			buildActionMask = 2147483647;
			files = (
				96BECB81B735A3262D975364 /* Pods_Calmy.framework in Frameworks */,
			);
			runOnlyForDeploymentPostprocessing = 0;
		};
		5C1FE5F025E7ED3E00611190 /* Frameworks */ = {
			isa = PBXFrameworksBuildPhase;
			buildActionMask = 2147483647;
			files = (
				C28EBBAC4D1CBB324FAEEDB5 /* Pods_CalmyTests.framework in Frameworks */,
			);
			runOnlyForDeploymentPostprocessing = 0;
		};
		5C1FE5FB25E7ED3E00611190 /* Frameworks */ = {
			isa = PBXFrameworksBuildPhase;
			buildActionMask = 2147483647;
			files = (
				2E3F0D43DB56F098F10641B5 /* Pods_Calmy_CalmyUITests.framework in Frameworks */,
			);
			runOnlyForDeploymentPostprocessing = 0;
		};
/* End PBXFrameworksBuildPhase section */

/* Begin PBXGroup section */
		17CC7391F6E4500B9FFC704F /* Frameworks */ = {
			isa = PBXGroup;
			children = (
				3CE26A5E0E3F8916D10D8639 /* Pods_Calmy.framework */,
				D9D775FB2A36CD0C6CD6800D /* Pods_Calmy_CalmyUITests.framework */,
				5A9ED195B30C6D5AEF9325AB /* Pods_CalmyTests.framework */,
			);
			name = Frameworks;
			sourceTree = "<group>";
		};
		5C016D7725F101C30067042D /* View Controller */ = {
			isa = PBXGroup;
			children = (
				5C1FE5E425E7ED3A00611190 /* ViewController.swift */,
				5CE50FC426160405000811BD /* OnboardingController.swift */,
			);
			path = "View Controller";
			sourceTree = "<group>";
		};
		5C016D7825F101CD0067042D /* Cell */ = {
			isa = PBXGroup;
			children = (
				5C4FCE1425EA5C4D003F90F8 /* ColorDayCell.swift */,
				5CBBCDEF25F10402001D5628 /* SetColorCell.swift */,
				5CE50FD226160705000811BD /* OnboardingCellOne.swift */,
				5CE50FD726160966000811BD /* OnboardingCellTwo.swift */,
			);
			path = Cell;
			sourceTree = "<group>";
		};
		5C016D7925F101DC0067042D /* View */ = {
			isa = PBXGroup;
			children = (
				5C4FCE1925EA5CDD003F90F8 /* ColorView.swift */,
				5CBBCDEA25F1024D001D5628 /* AddColorView.swift */,
				5CAB5C5F2619B58E00C97DE7 /* LogoView.swift */,
			);
			path = View;
			sourceTree = "<group>";
		};
		5C07A33D2605CDF7005B50E1 /* Colors Data */ = {
			isa = PBXGroup;
			children = (
				5C07A33E2605CE11005B50E1 /* ColorsData.swift */,
			);
			path = "Colors Data";
			sourceTree = "<group>";
		};
		5C1FE5D425E7ED3A00611190 = {
			isa = PBXGroup;
			children = (
				5C1FE5DF25E7ED3A00611190 /* Calmy */,
				5C1FE5F625E7ED3E00611190 /* CalmyTests */,
				5C1FE60125E7ED3E00611190 /* CalmyUITests */,
				5C1FE5DE25E7ED3A00611190 /* Products */,
				B4A34B241CA15439480F507C /* Pods */,
				17CC7391F6E4500B9FFC704F /* Frameworks */,
			);
			sourceTree = "<group>";
		};
		5C1FE5DE25E7ED3A00611190 /* Products */ = {
			isa = PBXGroup;
			children = (
				5C1FE5DD25E7ED3A00611190 /* Calmy.app */,
				5C1FE5F325E7ED3E00611190 /* CalmyTests.xctest */,
				5C1FE5FE25E7ED3E00611190 /* CalmyUITests.xctest */,
			);
			name = Products;
			sourceTree = "<group>";
		};
		5C1FE5DF25E7ED3A00611190 /* Calmy */ = {
			isa = PBXGroup;
			children = (
				5C016D7725F101C30067042D /* View Controller */,
				5C016D7825F101CD0067042D /* Cell */,
				5C016D7925F101DC0067042D /* View */,
				5CE50FC92616043E000811BD /* User Defaults */,
				5CFD7BBF25F0B62900C27A50 /* Core Data */,
				5CBBCDF425F12F7B001D5628 /* Extensions */,
				5C07A33D2605CDF7005B50E1 /* Colors Data */,
				5CE7B1CE25EBA7CA00438B5B /* TimeFunctions.swift */,
				5C4FCE2425EA5D4E003F90F8 /* MainConstants.swift */,
				5C1FE5E025E7ED3A00611190 /* AppDelegate.swift */,
				5C1FE5E225E7ED3A00611190 /* SceneDelegate.swift */,
				5C1FE5E625E7ED3A00611190 /* Main.storyboard */,
				5C1FE5E925E7ED3E00611190 /* Assets.xcassets */,
				5C1FE5EB25E7ED3E00611190 /* LaunchScreen.storyboard */,
				5C1FE5EE25E7ED3E00611190 /* Info.plist */,
				5CBBCE0725F1322B001D5628 /* Fonts */,
				5CAFAF282618F817003F5D88 /* Model.xcdatamodeld */,
			);
			path = Calmy;
			sourceTree = "<group>";
		};
		5C1FE5F625E7ED3E00611190 /* CalmyTests */ = {
			isa = PBXGroup;
			children = (
				5C1FE5F725E7ED3E00611190 /* MoodyTests.swift */,
				5C1FE5F925E7ED3E00611190 /* Info.plist */,
			);
			path = CalmyTests;
			sourceTree = "<group>";
		};
		5C1FE60125E7ED3E00611190 /* CalmyUITests */ = {
			isa = PBXGroup;
			children = (
				5C1FE60225E7ED3E00611190 /* MoodyUITests.swift */,
				5C1FE60425E7ED3E00611190 /* Info.plist */,
			);
			path = CalmyUITests;
			sourceTree = "<group>";
		};
		5CBBCDF425F12F7B001D5628 /* Extensions */ = {
			isa = PBXGroup;
			children = (
				5CBBCDF525F12F90001D5628 /* ViewExtension.swift */,
				5CBBCDFD25F130B5001D5628 /* LabelExtension.swift */,
				5CBBCE0225F1319D001D5628 /* TextView Extension.swift */,
				5CC4B10825F3524C00FA3078 /* Date Extension.swift */,
			);
			path = Extensions;
			sourceTree = "<group>";
		};
		5CBBCE0725F1322B001D5628 /* Fonts */ = {
			isa = PBXGroup;
			children = (
				5CBBCE0D25F13299001D5628 /* SF-Pro-Text-Medium.otf */,
				5CBBCE1225F132BB001D5628 /* SF-Pro-Text-Bold.otf */,
				5CBBCE0825F13280001D5628 /* SF-Pro.ttf */,
			);
			path = Fonts;
			sourceTree = "<group>";
		};
		5CE50FC92616043E000811BD /* User Defaults */ = {
			isa = PBXGroup;
			children = (
				5CE50FCA26160458000811BD /* Defaults.swift */,
			);
			path = "User Defaults";
			sourceTree = "<group>";
		};
		5CFD7BBF25F0B62900C27A50 /* Core Data */ = {
			isa = PBXGroup;
			children = (
				5C3A2A3D26199BC200F1A6F5 /* Model+CoreDataClass.swift */,
				5C3A2A3C26199BC200F1A6F5 /* Model+CoreDataProperties.swift */,
				5CFD7BC325F0B63F00C27A50 /* Core Data Functions */,
			);
			path = "Core Data";
			sourceTree = "<group>";
		};
		5CFD7BC325F0B63F00C27A50 /* Core Data Functions */ = {
			isa = PBXGroup;
			children = (
				5CFD7BC425F0B65600C27A50 /* DataFunction.swift */,
			);
			path = "Core Data Functions";
			sourceTree = "<group>";
		};
		B4A34B241CA15439480F507C /* Pods */ = {
			isa = PBXGroup;
			children = (
				0BF07E93F182554D3978A7A6 /* Pods-Calmy.debug.xcconfig */,
				C831BDD990AFEA7ABC100BCC /* Pods-Calmy.release.xcconfig */,
				052A864561CE10C842C3E0E6 /* Pods-Calmy-CalmyUITests.debug.xcconfig */,
				A474C09E07D11C55E2C71281 /* Pods-Calmy-CalmyUITests.release.xcconfig */,
				390D1F3DF5F18A974C0BDB4B /* Pods-CalmyTests.debug.xcconfig */,
				4844C909542E1750406E81DC /* Pods-CalmyTests.release.xcconfig */,
			);
			path = Pods;
			sourceTree = "<group>";
		};
/* End PBXGroup section */

/* Begin PBXNativeTarget section */
		5C1FE5DC25E7ED3A00611190 /* Calmy */ = {
			isa = PBXNativeTarget;
			buildConfigurationList = 5C1FE60725E7ED3E00611190 /* Build configuration list for PBXNativeTarget "Calmy" */;
			buildPhases = (
				087BE2D03DB494D7E16E8531 /* [CP] Check Pods Manifest.lock */,
				5C1FE5D925E7ED3A00611190 /* Sources */,
				5C1FE5DA25E7ED3A00611190 /* Frameworks */,
				5C1FE5DB25E7ED3A00611190 /* Resources */,
				E3BC08D11BE9683F1E278CF7 /* [CP] Embed Pods Frameworks */,
			);
			buildRules = (
			);
			dependencies = (
			);
			name = Calmy;
			productName = Moody;
			productReference = 5C1FE5DD25E7ED3A00611190 /* Calmy.app */;
			productType = "com.apple.product-type.application";
		};
		5C1FE5F225E7ED3E00611190 /* CalmyTests */ = {
			isa = PBXNativeTarget;
			buildConfigurationList = 5C1FE60A25E7ED3E00611190 /* Build configuration list for PBXNativeTarget "CalmyTests" */;
			buildPhases = (
				379FF75D0F8C5939ED8E614A /* [CP] Check Pods Manifest.lock */,
				5C1FE5EF25E7ED3E00611190 /* Sources */,
				5C1FE5F025E7ED3E00611190 /* Frameworks */,
				5C1FE5F125E7ED3E00611190 /* Resources */,
			);
			buildRules = (
			);
			dependencies = (
				5C1FE5F525E7ED3E00611190 /* PBXTargetDependency */,
			);
			name = CalmyTests;
			productName = MoodyTests;
			productReference = 5C1FE5F325E7ED3E00611190 /* CalmyTests.xctest */;
			productType = "com.apple.product-type.bundle.unit-test";
		};
		5C1FE5FD25E7ED3E00611190 /* CalmyUITests */ = {
			isa = PBXNativeTarget;
			buildConfigurationList = 5C1FE60D25E7ED3E00611190 /* Build configuration list for PBXNativeTarget "CalmyUITests" */;
			buildPhases = (
				E4A73DBFC05489156C4FDBFD /* [CP] Check Pods Manifest.lock */,
				5C1FE5FA25E7ED3E00611190 /* Sources */,
				5C1FE5FB25E7ED3E00611190 /* Frameworks */,
				5C1FE5FC25E7ED3E00611190 /* Resources */,
				ABCAF9B9FE991839CE255B6B /* [CP] Embed Pods Frameworks */,
			);
			buildRules = (
			);
			dependencies = (
				5C1FE60025E7ED3E00611190 /* PBXTargetDependency */,
			);
			name = CalmyUITests;
			productName = MoodyUITests;
			productReference = 5C1FE5FE25E7ED3E00611190 /* CalmyUITests.xctest */;
			productType = "com.apple.product-type.bundle.ui-testing";
		};
/* End PBXNativeTarget section */

/* Begin PBXProject section */
		5C1FE5D525E7ED3A00611190 /* Project object */ = {
			isa = PBXProject;
			attributes = {
				LastSwiftUpdateCheck = 1240;
				LastUpgradeCheck = 1240;
				TargetAttributes = {
					5C1FE5DC25E7ED3A00611190 = {
						CreatedOnToolsVersion = 12.4;
					};
					5C1FE5F225E7ED3E00611190 = {
						CreatedOnToolsVersion = 12.4;
						TestTargetID = 5C1FE5DC25E7ED3A00611190;
					};
					5C1FE5FD25E7ED3E00611190 = {
						CreatedOnToolsVersion = 12.4;
						TestTargetID = 5C1FE5DC25E7ED3A00611190;
					};
				};
			};
			buildConfigurationList = 5C1FE5D825E7ED3A00611190 /* Build configuration list for PBXProject "Calmy" */;
			compatibilityVersion = "Xcode 9.3";
			developmentRegion = en;
			hasScannedForEncodings = 0;
			knownRegions = (
				en,
				Base,
			);
			mainGroup = 5C1FE5D425E7ED3A00611190;
			productRefGroup = 5C1FE5DE25E7ED3A00611190 /* Products */;
			projectDirPath = "";
			projectRoot = "";
			targets = (
				5C1FE5DC25E7ED3A00611190 /* Calmy */,
				5C1FE5F225E7ED3E00611190 /* CalmyTests */,
				5C1FE5FD25E7ED3E00611190 /* CalmyUITests */,
			);
		};
/* End PBXProject section */

/* Begin PBXResourcesBuildPhase section */
		5C1FE5DB25E7ED3A00611190 /* Resources */ = {
			isa = PBXResourcesBuildPhase;
			buildActionMask = 2147483647;
			files = (
				5C1FE5ED25E7ED3E00611190 /* LaunchScreen.storyboard in Resources */,
				5CBBCE0925F13280001D5628 /* SF-Pro.ttf in Resources */,
				5CBBCE1325F132BB001D5628 /* SF-Pro-Text-Bold.otf in Resources */,
				5C1FE5EA25E7ED3E00611190 /* Assets.xcassets in Resources */,
				5CBBCE0E25F13299001D5628 /* SF-Pro-Text-Medium.otf in Resources */,
				5C1FE5E825E7ED3A00611190 /* Main.storyboard in Resources */,
			);
			runOnlyForDeploymentPostprocessing = 0;
		};
		5C1FE5F125E7ED3E00611190 /* Resources */ = {
			isa = PBXResourcesBuildPhase;
			buildActionMask = 2147483647;
			files = (
			);
			runOnlyForDeploymentPostprocessing = 0;
		};
		5C1FE5FC25E7ED3E00611190 /* Resources */ = {
			isa = PBXResourcesBuildPhase;
			buildActionMask = 2147483647;
			files = (
			);
			runOnlyForDeploymentPostprocessing = 0;
		};
/* End PBXResourcesBuildPhase section */

/* Begin PBXShellScriptBuildPhase section */
		087BE2D03DB494D7E16E8531 /* [CP] Check Pods Manifest.lock */ = {
			isa = PBXShellScriptBuildPhase;
			buildActionMask = 2147483647;
			files = (
			);
			inputFileListPaths = (
			);
			inputPaths = (
				"${PODS_PODFILE_DIR_PATH}/Podfile.lock",
				"${PODS_ROOT}/Manifest.lock",
			);
			name = "[CP] Check Pods Manifest.lock";
			outputFileListPaths = (
			);
			outputPaths = (
				"$(DERIVED_FILE_DIR)/Pods-Calmy-checkManifestLockResult.txt",
			);
			runOnlyForDeploymentPostprocessing = 0;
			shellPath = /bin/sh;
			shellScript = "diff \"${PODS_PODFILE_DIR_PATH}/Podfile.lock\" \"${PODS_ROOT}/Manifest.lock\" > /dev/null\nif [ $? != 0 ] ; then\n    # print error to STDERR\n    echo \"error: The sandbox is not in sync with the Podfile.lock. Run 'pod install' or update your CocoaPods installation.\" >&2\n    exit 1\nfi\n# This output is used by Xcode 'outputs' to avoid re-running this script phase.\necho \"SUCCESS\" > \"${SCRIPT_OUTPUT_FILE_0}\"\n";
			showEnvVarsInLog = 0;
		};
		379FF75D0F8C5939ED8E614A /* [CP] Check Pods Manifest.lock */ = {
			isa = PBXShellScriptBuildPhase;
			buildActionMask = 2147483647;
			files = (
			);
			inputFileListPaths = (
			);
			inputPaths = (
				"${PODS_PODFILE_DIR_PATH}/Podfile.lock",
				"${PODS_ROOT}/Manifest.lock",
			);
			name = "[CP] Check Pods Manifest.lock";
			outputFileListPaths = (
			);
			outputPaths = (
				"$(DERIVED_FILE_DIR)/Pods-CalmyTests-checkManifestLockResult.txt",
			);
			runOnlyForDeploymentPostprocessing = 0;
			shellPath = /bin/sh;
			shellScript = "diff \"${PODS_PODFILE_DIR_PATH}/Podfile.lock\" \"${PODS_ROOT}/Manifest.lock\" > /dev/null\nif [ $? != 0 ] ; then\n    # print error to STDERR\n    echo \"error: The sandbox is not in sync with the Podfile.lock. Run 'pod install' or update your CocoaPods installation.\" >&2\n    exit 1\nfi\n# This output is used by Xcode 'outputs' to avoid re-running this script phase.\necho \"SUCCESS\" > \"${SCRIPT_OUTPUT_FILE_0}\"\n";
			showEnvVarsInLog = 0;
		};
		ABCAF9B9FE991839CE255B6B /* [CP] Embed Pods Frameworks */ = {
			isa = PBXShellScriptBuildPhase;
			buildActionMask = 2147483647;
			files = (
			);
			inputFileListPaths = (
				"${PODS_ROOT}/Target Support Files/Pods-Calmy-CalmyUITests/Pods-Calmy-CalmyUITests-frameworks-${CONFIGURATION}-input-files.xcfilelist",
			);
			name = "[CP] Embed Pods Frameworks";
			outputFileListPaths = (
				"${PODS_ROOT}/Target Support Files/Pods-Calmy-CalmyUITests/Pods-Calmy-CalmyUITests-frameworks-${CONFIGURATION}-output-files.xcfilelist",
			);
			runOnlyForDeploymentPostprocessing = 0;
			shellPath = /bin/sh;
			shellScript = "\"${PODS_ROOT}/Target Support Files/Pods-Calmy-CalmyUITests/Pods-Calmy-CalmyUITests-frameworks.sh\"\n";
			showEnvVarsInLog = 0;
		};
		E3BC08D11BE9683F1E278CF7 /* [CP] Embed Pods Frameworks */ = {
			isa = PBXShellScriptBuildPhase;
			buildActionMask = 2147483647;
			files = (
			);
			inputFileListPaths = (
				"${PODS_ROOT}/Target Support Files/Pods-Calmy/Pods-Calmy-frameworks-${CONFIGURATION}-input-files.xcfilelist",
			);
			name = "[CP] Embed Pods Frameworks";
			outputFileListPaths = (
				"${PODS_ROOT}/Target Support Files/Pods-Calmy/Pods-Calmy-frameworks-${CONFIGURATION}-output-files.xcfilelist",
			);
			runOnlyForDeploymentPostprocessing = 0;
			shellPath = /bin/sh;
			shellScript = "\"${PODS_ROOT}/Target Support Files/Pods-Calmy/Pods-Calmy-frameworks.sh\"\n";
			showEnvVarsInLog = 0;
		};
		E4A73DBFC05489156C4FDBFD /* [CP] Check Pods Manifest.lock */ = {
			isa = PBXShellScriptBuildPhase;
			buildActionMask = 2147483647;
			files = (
			);
			inputFileListPaths = (
			);
			inputPaths = (
				"${PODS_PODFILE_DIR_PATH}/Podfile.lock",
				"${PODS_ROOT}/Manifest.lock",
			);
			name = "[CP] Check Pods Manifest.lock";
			outputFileListPaths = (
			);
			outputPaths = (
				"$(DERIVED_FILE_DIR)/Pods-Calmy-CalmyUITests-checkManifestLockResult.txt",
			);
			runOnlyForDeploymentPostprocessing = 0;
			shellPath = /bin/sh;
			shellScript = "diff \"${PODS_PODFILE_DIR_PATH}/Podfile.lock\" \"${PODS_ROOT}/Manifest.lock\" > /dev/null\nif [ $? != 0 ] ; then\n    # print error to STDERR\n    echo \"error: The sandbox is not in sync with the Podfile.lock. Run 'pod install' or update your CocoaPods installation.\" >&2\n    exit 1\nfi\n# This output is used by Xcode 'outputs' to avoid re-running this script phase.\necho \"SUCCESS\" > \"${SCRIPT_OUTPUT_FILE_0}\"\n";
			showEnvVarsInLog = 0;
		};
/* End PBXShellScriptBuildPhase section */

/* Begin PBXSourcesBuildPhase section */
		5C1FE5D925E7ED3A00611190 /* Sources */ = {
			isa = PBXSourcesBuildPhase;
			buildActionMask = 2147483647;
			files = (
				5CBBCE0325F1319D001D5628 /* TextView Extension.swift in Sources */,
				5CE50FD826160966000811BD /* OnboardingCellTwo.swift in Sources */,
				5C4FCE2525EA5D4E003F90F8 /* MainConstants.swift in Sources */,
				5C1FE5E525E7ED3A00611190 /* ViewController.swift in Sources */,
				5CFD7BC525F0B65600C27A50 /* DataFunction.swift in Sources */,
				5C3A2A3E26199BC200F1A6F5 /* Model+CoreDataProperties.swift in Sources */,
				5CAB5C602619B58E00C97DE7 /* LogoView.swift in Sources */,
				5C1FE5E125E7ED3A00611190 /* AppDelegate.swift in Sources */,
				5CBBCDFE25F130B5001D5628 /* LabelExtension.swift in Sources */,
				5CAFAF2A2618F817003F5D88 /* Model.xcdatamodeld in Sources */,
				5C4FCE1525EA5C4D003F90F8 /* ColorDayCell.swift in Sources */,
				5CE50FD326160705000811BD /* OnboardingCellOne.swift in Sources */,
				5CC4B10925F3524C00FA3078 /* Date Extension.swift in Sources */,
				5CE50FC526160405000811BD /* OnboardingController.swift in Sources */,
				5C3A2A3F26199BC200F1A6F5 /* Model+CoreDataClass.swift in Sources */,
				5CBBCDEB25F1024D001D5628 /* AddColorView.swift in Sources */,
				5CE7B1CF25EBA7CA00438B5B /* TimeFunctions.swift in Sources */,
				5CBBCDF625F12F90001D5628 /* ViewExtension.swift in Sources */,
				5C1FE5E325E7ED3A00611190 /* SceneDelegate.swift in Sources */,
				5C07A33F2605CE11005B50E1 /* ColorsData.swift in Sources */,
				5CE50FCB26160458000811BD /* Defaults.swift in Sources */,
				5C4FCE1A25EA5CDD003F90F8 /* ColorView.swift in Sources */,
				5CBBCDF025F10402001D5628 /* SetColorCell.swift in Sources */,
			);
			runOnlyForDeploymentPostprocessing = 0;
		};
		5C1FE5EF25E7ED3E00611190 /* Sources */ = {
			isa = PBXSourcesBuildPhase;
			buildActionMask = 2147483647;
			files = (
				5C1FE5F825E7ED3E00611190 /* MoodyTests.swift in Sources */,
			);
			runOnlyForDeploymentPostprocessing = 0;
		};
		5C1FE5FA25E7ED3E00611190 /* Sources */ = {
			isa = PBXSourcesBuildPhase;
			buildActionMask = 2147483647;
			files = (
				5C1FE60325E7ED3E00611190 /* MoodyUITests.swift in Sources */,
			);
			runOnlyForDeploymentPostprocessing = 0;
		};
/* End PBXSourcesBuildPhase section */

/* Begin PBXTargetDependency section */
		5C1FE5F525E7ED3E00611190 /* PBXTargetDependency */ = {
			isa = PBXTargetDependency;
			target = 5C1FE5DC25E7ED3A00611190 /* Calmy */;
			targetProxy = 5C1FE5F425E7ED3E00611190 /* PBXContainerItemProxy */;
		};
		5C1FE60025E7ED3E00611190 /* PBXTargetDependency */ = {
			isa = PBXTargetDependency;
			target = 5C1FE5DC25E7ED3A00611190 /* Calmy */;
			targetProxy = 5C1FE5FF25E7ED3E00611190 /* PBXContainerItemProxy */;
		};
/* End PBXTargetDependency section */

/* Begin PBXVariantGroup section */
		5C1FE5E625E7ED3A00611190 /* Main.storyboard */ = {
			isa = PBXVariantGroup;
			children = (
				5C1FE5E725E7ED3A00611190 /* Base */,
			);
			name = Main.storyboard;
			sourceTree = "<group>";
		};
		5C1FE5EB25E7ED3E00611190 /* LaunchScreen.storyboard */ = {
			isa = PBXVariantGroup;
			children = (
				5C1FE5EC25E7ED3E00611190 /* Base */,
			);
			name = LaunchScreen.storyboard;
			sourceTree = "<group>";
		};
/* End PBXVariantGroup section */

/* Begin XCBuildConfiguration section */
		5C1FE60525E7ED3E00611190 /* Debug */ = {
			isa = XCBuildConfiguration;
			buildSettings = {
				ALWAYS_SEARCH_USER_PATHS = NO;
				CLANG_ANALYZER_NONNULL = YES;
				CLANG_ANALYZER_NUMBER_OBJECT_CONVERSION = YES_AGGRESSIVE;
				CLANG_CXX_LANGUAGE_STANDARD = "gnu++14";
				CLANG_CXX_LIBRARY = "libc++";
				CLANG_ENABLE_MODULES = YES;
				CLANG_ENABLE_OBJC_ARC = YES;
				CLANG_ENABLE_OBJC_WEAK = YES;
				CLANG_WARN_BLOCK_CAPTURE_AUTORELEASING = YES;
				CLANG_WARN_BOOL_CONVERSION = YES;
				CLANG_WARN_COMMA = YES;
				CLANG_WARN_CONSTANT_CONVERSION = YES;
				CLANG_WARN_DEPRECATED_OBJC_IMPLEMENTATIONS = YES;
				CLANG_WARN_DIRECT_OBJC_ISA_USAGE = YES_ERROR;
				CLANG_WARN_DOCUMENTATION_COMMENTS = YES;
				CLANG_WARN_EMPTY_BODY = YES;
				CLANG_WARN_ENUM_CONVERSION = YES;
				CLANG_WARN_INFINITE_RECURSION = YES;
				CLANG_WARN_INT_CONVERSION = YES;
				CLANG_WARN_NON_LITERAL_NULL_CONVERSION = YES;
				CLANG_WARN_OBJC_IMPLICIT_RETAIN_SELF = YES;
				CLANG_WARN_OBJC_LITERAL_CONVERSION = YES;
				CLANG_WARN_OBJC_ROOT_CLASS = YES_ERROR;
				CLANG_WARN_QUOTED_INCLUDE_IN_FRAMEWORK_HEADER = YES;
				CLANG_WARN_RANGE_LOOP_ANALYSIS = YES;
				CLANG_WARN_STRICT_PROTOTYPES = YES;
				CLANG_WARN_SUSPICIOUS_MOVE = YES;
				CLANG_WARN_UNGUARDED_AVAILABILITY = YES_AGGRESSIVE;
				CLANG_WARN_UNREACHABLE_CODE = YES;
				CLANG_WARN__DUPLICATE_METHOD_MATCH = YES;
				COPY_PHASE_STRIP = NO;
				DEBUG_INFORMATION_FORMAT = dwarf;
				ENABLE_STRICT_OBJC_MSGSEND = YES;
				ENABLE_TESTABILITY = YES;
				GCC_C_LANGUAGE_STANDARD = gnu11;
				GCC_DYNAMIC_NO_PIC = NO;
				GCC_NO_COMMON_BLOCKS = YES;
				GCC_OPTIMIZATION_LEVEL = 0;
				GCC_PREPROCESSOR_DEFINITIONS = (
					"DEBUG=1",
					"$(inherited)",
				);
				GCC_WARN_64_TO_32_BIT_CONVERSION = YES;
				GCC_WARN_ABOUT_RETURN_TYPE = YES_ERROR;
				GCC_WARN_UNDECLARED_SELECTOR = YES;
				GCC_WARN_UNINITIALIZED_AUTOS = YES_AGGRESSIVE;
				GCC_WARN_UNUSED_FUNCTION = YES;
				GCC_WARN_UNUSED_VARIABLE = YES;
				IPHONEOS_DEPLOYMENT_TARGET = 13.0;
				MTL_ENABLE_DEBUG_INFO = INCLUDE_SOURCE;
				MTL_FAST_MATH = YES;
				ONLY_ACTIVE_ARCH = YES;
				SDKROOT = iphoneos;
				SWIFT_ACTIVE_COMPILATION_CONDITIONS = DEBUG;
				SWIFT_OPTIMIZATION_LEVEL = "-Onone";
			};
			name = Debug;
		};
		5C1FE60625E7ED3E00611190 /* Release */ = {
			isa = XCBuildConfiguration;
			buildSettings = {
				ALWAYS_SEARCH_USER_PATHS = NO;
				CLANG_ANALYZER_NONNULL = YES;
				CLANG_ANALYZER_NUMBER_OBJECT_CONVERSION = YES_AGGRESSIVE;
				CLANG_CXX_LANGUAGE_STANDARD = "gnu++14";
				CLANG_CXX_LIBRARY = "libc++";
				CLANG_ENABLE_MODULES = YES;
				CLANG_ENABLE_OBJC_ARC = YES;
				CLANG_ENABLE_OBJC_WEAK = YES;
				CLANG_WARN_BLOCK_CAPTURE_AUTORELEASING = YES;
				CLANG_WARN_BOOL_CONVERSION = YES;
				CLANG_WARN_COMMA = YES;
				CLANG_WARN_CONSTANT_CONVERSION = YES;
				CLANG_WARN_DEPRECATED_OBJC_IMPLEMENTATIONS = YES;
				CLANG_WARN_DIRECT_OBJC_ISA_USAGE = YES_ERROR;
				CLANG_WARN_DOCUMENTATION_COMMENTS = YES;
				CLANG_WARN_EMPTY_BODY = YES;
				CLANG_WARN_ENUM_CONVERSION = YES;
				CLANG_WARN_INFINITE_RECURSION = YES;
				CLANG_WARN_INT_CONVERSION = YES;
				CLANG_WARN_NON_LITERAL_NULL_CONVERSION = YES;
				CLANG_WARN_OBJC_IMPLICIT_RETAIN_SELF = YES;
				CLANG_WARN_OBJC_LITERAL_CONVERSION = YES;
				CLANG_WARN_OBJC_ROOT_CLASS = YES_ERROR;
				CLANG_WARN_QUOTED_INCLUDE_IN_FRAMEWORK_HEADER = YES;
				CLANG_WARN_RANGE_LOOP_ANALYSIS = YES;
				CLANG_WARN_STRICT_PROTOTYPES = YES;
				CLANG_WARN_SUSPICIOUS_MOVE = YES;
				CLANG_WARN_UNGUARDED_AVAILABILITY = YES_AGGRESSIVE;
				CLANG_WARN_UNREACHABLE_CODE = YES;
				CLANG_WARN__DUPLICATE_METHOD_MATCH = YES;
				COPY_PHASE_STRIP = NO;
				DEBUG_INFORMATION_FORMAT = "dwarf-with-dsym";
				ENABLE_NS_ASSERTIONS = NO;
				ENABLE_STRICT_OBJC_MSGSEND = YES;
				GCC_C_LANGUAGE_STANDARD = gnu11;
				GCC_NO_COMMON_BLOCKS = YES;
				GCC_WARN_64_TO_32_BIT_CONVERSION = YES;
				GCC_WARN_ABOUT_RETURN_TYPE = YES_ERROR;
				GCC_WARN_UNDECLARED_SELECTOR = YES;
				GCC_WARN_UNINITIALIZED_AUTOS = YES_AGGRESSIVE;
				GCC_WARN_UNUSED_FUNCTION = YES;
				GCC_WARN_UNUSED_VARIABLE = YES;
				IPHONEOS_DEPLOYMENT_TARGET = 13.0;
				MTL_ENABLE_DEBUG_INFO = NO;
				MTL_FAST_MATH = YES;
				SDKROOT = iphoneos;
				SWIFT_COMPILATION_MODE = wholemodule;
				SWIFT_OPTIMIZATION_LEVEL = "-O";
				VALIDATE_PRODUCT = YES;
			};
			name = Release;
		};
		5C1FE60825E7ED3E00611190 /* Debug */ = {
			isa = XCBuildConfiguration;
			baseConfigurationReference = 0BF07E93F182554D3978A7A6 /* Pods-Calmy.debug.xcconfig */;
			buildSettings = {
				ASSETCATALOG_COMPILER_APPICON_NAME = AppIcon;
				ASSETCATALOG_COMPILER_GLOBAL_ACCENT_COLOR_NAME = AccentColor;
				CODE_SIGN_STYLE = Automatic;
				DEVELOPMENT_TEAM = 7T88SYY74G;
				INFOPLIST_FILE = "$(SRCROOT)/Calmy/Info.plist";
				IPHONEOS_DEPLOYMENT_TARGET = 13.0;
				LD_RUNPATH_SEARCH_PATHS = (
					"$(inherited)",
					"@executable_path/Frameworks",
				);
				PRODUCT_BUNDLE_IDENTIFIER = com.Calmy;
				PRODUCT_NAME = "$(TARGET_NAME)";
				SWIFT_VERSION = 5.0;
				TARGETED_DEVICE_FAMILY = "1,2";
			};
			name = Debug;
		};
		5C1FE60925E7ED3E00611190 /* Release */ = {
			isa = XCBuildConfiguration;
			baseConfigurationReference = C831BDD990AFEA7ABC100BCC /* Pods-Calmy.release.xcconfig */;
			buildSettings = {
				ASSETCATALOG_COMPILER_APPICON_NAME = AppIcon;
				ASSETCATALOG_COMPILER_GLOBAL_ACCENT_COLOR_NAME = AccentColor;
				CODE_SIGN_STYLE = Automatic;
				DEVELOPMENT_TEAM = 7T88SYY74G;
				INFOPLIST_FILE = "$(SRCROOT)/Calmy/Info.plist";
				IPHONEOS_DEPLOYMENT_TARGET = 13.0;
				LD_RUNPATH_SEARCH_PATHS = (
					"$(inherited)",
					"@executable_path/Frameworks",
				);
				PRODUCT_BUNDLE_IDENTIFIER = com.Calmy;
				PRODUCT_NAME = "$(TARGET_NAME)";
				SWIFT_VERSION = 5.0;
				TARGETED_DEVICE_FAMILY = "1,2";
			};
			name = Release;
		};
		5C1FE60B25E7ED3E00611190 /* Debug */ = {
			isa = XCBuildConfiguration;
			baseConfigurationReference = 390D1F3DF5F18A974C0BDB4B /* Pods-CalmyTests.debug.xcconfig */;
			buildSettings = {
				ALWAYS_EMBED_SWIFT_STANDARD_LIBRARIES = YES;
				BUNDLE_LOADER = "$(TEST_HOST)";
				CODE_SIGN_STYLE = Automatic;
				DEVELOPMENT_TEAM = Z962Q7H43F;
				INFOPLIST_FILE = MoodyTests/Info.plist;
				IPHONEOS_DEPLOYMENT_TARGET = 14.4;
				LD_RUNPATH_SEARCH_PATHS = (
					"$(inherited)",
					"@executable_path/Frameworks",
					"@loader_path/Frameworks",
				);
				PRODUCT_BUNDLE_IDENTIFIER = Greener.MoodyTests;
				PRODUCT_NAME = "$(TARGET_NAME)";
				SWIFT_VERSION = 5.0;
				TARGETED_DEVICE_FAMILY = "1,2";
				TEST_HOST = "$(BUILT_PRODUCTS_DIR)/Calmy.app/Calmy";
			};
			name = Debug;
		};
		5C1FE60C25E7ED3E00611190 /* Release */ = {
			isa = XCBuildConfiguration;
			baseConfigurationReference = 4844C909542E1750406E81DC /* Pods-CalmyTests.release.xcconfig */;
			buildSettings = {
				ALWAYS_EMBED_SWIFT_STANDARD_LIBRARIES = YES;
				BUNDLE_LOADER = "$(TEST_HOST)";
				CODE_SIGN_STYLE = Automatic;
				DEVELOPMENT_TEAM = Z962Q7H43F;
				INFOPLIST_FILE = MoodyTests/Info.plist;
				IPHONEOS_DEPLOYMENT_TARGET = 14.4;
				LD_RUNPATH_SEARCH_PATHS = (
					"$(inherited)",
					"@executable_path/Frameworks",
					"@loader_path/Frameworks",
				);
				PRODUCT_BUNDLE_IDENTIFIER = Greener.MoodyTests;
				PRODUCT_NAME = "$(TARGET_NAME)";
				SWIFT_VERSION = 5.0;
				TARGETED_DEVICE_FAMILY = "1,2";
				TEST_HOST = "$(BUILT_PRODUCTS_DIR)/Calmy.app/Calmy";
			};
			name = Release;
		};
		5C1FE60E25E7ED3E00611190 /* Debug */ = {
			isa = XCBuildConfiguration;
			baseConfigurationReference = 052A864561CE10C842C3E0E6 /* Pods-Calmy-CalmyUITests.debug.xcconfig */;
			buildSettings = {
				ALWAYS_EMBED_SWIFT_STANDARD_LIBRARIES = YES;
				CODE_SIGN_STYLE = Automatic;
				DEVELOPMENT_TEAM = Z962Q7H43F;
				INFOPLIST_FILE = MoodyUITests/Info.plist;
				LD_RUNPATH_SEARCH_PATHS = (
					"$(inherited)",
					"@executable_path/Frameworks",
					"@loader_path/Frameworks",
				);
				PRODUCT_BUNDLE_IDENTIFIER = Greener.MoodyUITests;
				PRODUCT_NAME = "$(TARGET_NAME)";
				SWIFT_VERSION = 5.0;
				TARGETED_DEVICE_FAMILY = "1,2";
				TEST_TARGET_NAME = Moody;
			};
			name = Debug;
		};
		5C1FE60F25E7ED3E00611190 /* Release */ = {
			isa = XCBuildConfiguration;
			baseConfigurationReference = A474C09E07D11C55E2C71281 /* Pods-Calmy-CalmyUITests.release.xcconfig */;
			buildSettings = {
				ALWAYS_EMBED_SWIFT_STANDARD_LIBRARIES = YES;
				CODE_SIGN_STYLE = Automatic;
				DEVELOPMENT_TEAM = Z962Q7H43F;
				INFOPLIST_FILE = MoodyUITests/Info.plist;
				LD_RUNPATH_SEARCH_PATHS = (
					"$(inherited)",
					"@executable_path/Frameworks",
					"@loader_path/Frameworks",
				);
				PRODUCT_BUNDLE_IDENTIFIER = Greener.MoodyUITests;
				PRODUCT_NAME = "$(TARGET_NAME)";
				SWIFT_VERSION = 5.0;
				TARGETED_DEVICE_FAMILY = "1,2";
				TEST_TARGET_NAME = Moody;
			};
			name = Release;
		};
/* End XCBuildConfiguration section */

/* Begin XCConfigurationList section */
		5C1FE5D825E7ED3A00611190 /* Build configuration list for PBXProject "Calmy" */ = {
			isa = XCConfigurationList;
			buildConfigurations = (
				5C1FE60525E7ED3E00611190 /* Debug */,
				5C1FE60625E7ED3E00611190 /* Release */,
			);
			defaultConfigurationIsVisible = 0;
			defaultConfigurationName = Release;
		};
		5C1FE60725E7ED3E00611190 /* Build configuration list for PBXNativeTarget "Calmy" */ = {
			isa = XCConfigurationList;
			buildConfigurations = (
				5C1FE60825E7ED3E00611190 /* Debug */,
				5C1FE60925E7ED3E00611190 /* Release */,
			);
			defaultConfigurationIsVisible = 0;
			defaultConfigurationName = Release;
		};
		5C1FE60A25E7ED3E00611190 /* Build configuration list for PBXNativeTarget "CalmyTests" */ = {
			isa = XCConfigurationList;
			buildConfigurations = (
				5C1FE60B25E7ED3E00611190 /* Debug */,
				5C1FE60C25E7ED3E00611190 /* Release */,
			);
			defaultConfigurationIsVisible = 0;
			defaultConfigurationName = Release;
		};
		5C1FE60D25E7ED3E00611190 /* Build configuration list for PBXNativeTarget "CalmyUITests" */ = {
			isa = XCConfigurationList;
			buildConfigurations = (
				5C1FE60E25E7ED3E00611190 /* Debug */,
				5C1FE60F25E7ED3E00611190 /* Release */,
			);
			defaultConfigurationIsVisible = 0;
			defaultConfigurationName = Release;
		};
/* End XCConfigurationList section */

/* Begin XCVersionGroup section */
		5CAFAF282618F817003F5D88 /* Model.xcdatamodeld */ = {
			isa = XCVersionGroup;
			children = (
				5CAFAF292618F817003F5D88 /* Model.xcdatamodel */,
			);
			currentVersion = 5CAFAF292618F817003F5D88 /* Model.xcdatamodel */;
			path = Model.xcdatamodeld;
			sourceTree = "<group>";
			versionGroupType = wrapper.xcdatamodel;
		};
/* End XCVersionGroup section */
	};
	rootObject = 5C1FE5D525E7ED3A00611190 /* Project object */;
}
